// !$*UTF8*$!
{
	archiveVersion = 1;
	classes = {
	};
	objectVersion = 55;
	objects = {

/* Begin PBXBuildFile section */
		7AD9C18A288AF63700497675 /* AppDelegate.swift in Sources */ = {isa = PBXBuildFile; fileRef = 7AD9C189288AF63700497675 /* AppDelegate.swift */; };
		7AD9C18C288AF63700497675 /* SceneDelegate.swift in Sources */ = {isa = PBXBuildFile; fileRef = 7AD9C18B288AF63700497675 /* SceneDelegate.swift */; };
		7AD9C18E288AF63700497675 /* ViewController.swift in Sources */ = {isa = PBXBuildFile; fileRef = 7AD9C18D288AF63700497675 /* ViewController.swift */; };
		7AD9C191288AF63700497675 /* Main.storyboard in Resources */ = {isa = PBXBuildFile; fileRef = 7AD9C18F288AF63700497675 /* Main.storyboard */; };
		7AD9C193288AF63A00497675 /* Assets.xcassets in Resources */ = {isa = PBXBuildFile; fileRef = 7AD9C192288AF63A00497675 /* Assets.xcassets */; };
		7AD9C196288AF63A00497675 /* LaunchScreen.storyboard in Resources */ = {isa = PBXBuildFile; fileRef = 7AD9C194288AF63A00497675 /* LaunchScreen.storyboard */; };
/* End PBXBuildFile section */

/* Begin PBXContainerItemProxy section */
		7AD9C200288B04B600497675 /* PBXContainerItemProxy */ = {
			isa = PBXContainerItemProxy;
			containerPortal = 7AD9C1FC288B04B600497675 /* GoDiceSDK.xcodeproj */;
			proxyType = 2;
			remoteGlobalIDString = 7AD9C1EA288B03FA00497675;
			remoteInfo = GoDiceSDK;
		};
/* End PBXContainerItemProxy section */

/* Begin PBXFileReference section */
		7AD9C186288AF63700497675 /* demoapp.app */ = {isa = PBXFileReference; explicitFileType = wrapper.application; includeInIndex = 0; path = demoapp.app; sourceTree = BUILT_PRODUCTS_DIR; };
		7AD9C189288AF63700497675 /* AppDelegate.swift */ = {isa = PBXFileReference; lastKnownFileType = sourcecode.swift; path = AppDelegate.swift; sourceTree = "<group>"; };
		7AD9C18B288AF63700497675 /* SceneDelegate.swift */ = {isa = PBXFileReference; lastKnownFileType = sourcecode.swift; path = SceneDelegate.swift; sourceTree = "<group>"; };
		7AD9C18D288AF63700497675 /* ViewController.swift */ = {isa = PBXFileReference; lastKnownFileType = sourcecode.swift; path = ViewController.swift; sourceTree = "<group>"; };
		7AD9C190288AF63700497675 /* Base */ = {isa = PBXFileReference; lastKnownFileType = file.storyboard; name = Base; path = Base.lproj/Main.storyboard; sourceTree = "<group>"; };
		7AD9C192288AF63A00497675 /* Assets.xcassets */ = {isa = PBXFileReference; lastKnownFileType = folder.assetcatalog; path = Assets.xcassets; sourceTree = "<group>"; };
		7AD9C195288AF63A00497675 /* Base */ = {isa = PBXFileReference; lastKnownFileType = file.storyboard; name = Base; path = Base.lproj/LaunchScreen.storyboard; sourceTree = "<group>"; };
		7AD9C197288AF63A00497675 /* Info.plist */ = {isa = PBXFileReference; lastKnownFileType = text.plist.xml; path = Info.plist; sourceTree = "<group>"; };
		7AD9C1FC288B04B600497675 /* GoDiceSDK.xcodeproj */ = {isa = PBXFileReference; lastKnownFileType = "wrapper.pb-project"; name = GoDiceSDK.xcodeproj; path = ../GoDiceSDK/GoDiceSDK.xcodeproj; sourceTree = "<group>"; };
/* End PBXFileReference section */

/* Begin PBXFrameworksBuildPhase section */
		7AD9C183288AF63700497675 /* Frameworks */ = {
			isa = PBXFrameworksBuildPhase;
			buildActionMask = 2147483647;
			files = (
			);
			runOnlyForDeploymentPostprocessing = 0;
		};
/* End PBXFrameworksBuildPhase section */

/* Begin PBXGroup section */
		7AD9C17D288AF63700497675 = {
			isa = PBXGroup;
			children = (
				7AD9C188288AF63700497675 /* demoapp */,
				7AD9C1D5288AF81700497675 /* Frameworks */,
				7AD9C187288AF63700497675 /* Products */,
			);
			sourceTree = "<group>";
		};
		7AD9C187288AF63700497675 /* Products */ = {
			isa = PBXGroup;
			children = (
				7AD9C186288AF63700497675 /* demoapp.app */,
			);
			name = Products;
			sourceTree = "<group>";
		};
		7AD9C188288AF63700497675 /* demoapp */ = {
			isa = PBXGroup;
			children = (
				7AD9C189288AF63700497675 /* AppDelegate.swift */,
				7AD9C18B288AF63700497675 /* SceneDelegate.swift */,
				7AD9C18D288AF63700497675 /* ViewController.swift */,
				7AD9C18F288AF63700497675 /* Main.storyboard */,
				7AD9C192288AF63A00497675 /* Assets.xcassets */,
				7AD9C194288AF63A00497675 /* LaunchScreen.storyboard */,
				7AD9C197288AF63A00497675 /* Info.plist */,
			);
			path = demoapp;
			sourceTree = "<group>";
		};
		7AD9C1D5288AF81700497675 /* Frameworks */ = {
			isa = PBXGroup;
			children = (
				7AD9C1FC288B04B600497675 /* GoDiceSDK.xcodeproj */,
			);
			name = Frameworks;
			sourceTree = "<group>";
		};
		7AD9C1FD288B04B600497675 /* Products */ = {
			isa = PBXGroup;
			children = (
				7AD9C201288B04B600497675 /* GoDiceSDK.framework */,
			);
			name = Products;
			sourceTree = "<group>";
		};
/* End PBXGroup section */

/* Begin PBXNativeTarget section */
		7AD9C185288AF63700497675 /* demoapp */ = {
			isa = PBXNativeTarget;
			buildConfigurationList = 7AD9C19A288AF63A00497675 /* Build configuration list for PBXNativeTarget "demoapp" */;
			buildPhases = (
				7AD9C182288AF63700497675 /* Sources */,
				7AD9C183288AF63700497675 /* Frameworks */,
				7AD9C184288AF63700497675 /* Resources */,
			);
			buildRules = (
			);
			dependencies = (
			);
			name = demoapp;
			productName = demoapp;
			productReference = 7AD9C186288AF63700497675 /* demoapp.app */;
			productType = "com.apple.product-type.application";
		};
/* End PBXNativeTarget section */

/* Begin PBXProject section */
		7AD9C17E288AF63700497675 /* Project object */ = {
			isa = PBXProject;
			attributes = {
				BuildIndependentTargetsInParallel = 1;
				LastSwiftUpdateCheck = 1330;
				LastUpgradeCheck = 1330;
				TargetAttributes = {
					7AD9C185288AF63700497675 = {
						CreatedOnToolsVersion = 13.3;
					};
				};
			};
			buildConfigurationList = 7AD9C181288AF63700497675 /* Build configuration list for PBXProject "demoapp" */;
			compatibilityVersion = "Xcode 13.0";
			developmentRegion = en;
			hasScannedForEncodings = 0;
			knownRegions = (
				en,
				Base,
			);
			mainGroup = 7AD9C17D288AF63700497675;
			productRefGroup = 7AD9C187288AF63700497675 /* Products */;
			projectDirPath = "";
			projectReferences = (
				{
					ProductGroup = 7AD9C1FD288B04B600497675 /* Products */;
					ProjectRef = 7AD9C1FC288B04B600497675 /* GoDiceSDK.xcodeproj */;
				},
			);
			projectRoot = "";
			targets = (
				7AD9C185288AF63700497675 /* demoapp */,
			);
		};
/* End PBXProject section */

/* Begin PBXReferenceProxy section */
		7AD9C201288B04B600497675 /* GoDiceSDK.framework */ = {
			isa = PBXReferenceProxy;
			fileType = wrapper.framework;
			path = GoDiceSDK.framework;
			remoteRef = 7AD9C200288B04B600497675 /* PBXContainerItemProxy */;
			sourceTree = BUILT_PRODUCTS_DIR;
		};
/* End PBXReferenceProxy section */

/* Begin PBXResourcesBuildPhase section */
		7AD9C184288AF63700497675 /* Resources */ = {
			isa = PBXResourcesBuildPhase;
			buildActionMask = 2147483647;
			files = (
				7AD9C196288AF63A00497675 /* LaunchScreen.storyboard in Resources */,
				7AD9C193288AF63A00497675 /* Assets.xcassets in Resources */,
				7AD9C191288AF63700497675 /* Main.storyboard in Resources */,
			);
			runOnlyForDeploymentPostprocessing = 0;
		};
/* End PBXResourcesBuildPhase section */

/* Begin PBXSourcesBuildPhase section */
		7AD9C182288AF63700497675 /* Sources */ = {
			isa = PBXSourcesBuildPhase;
			buildActionMask = 2147483647;
			files = (
				7AD9C18E288AF63700497675 /* ViewController.swift in Sources */,
				7AD9C18A288AF63700497675 /* AppDelegate.swift in Sources */,
				7AD9C18C288AF63700497675 /* SceneDelegate.swift in Sources */,
			);
			runOnlyForDeploymentPostprocessing = 0;
		};
/* End PBXSourcesBuildPhase section */

/* Begin PBXVariantGroup section */
		7AD9C18F288AF63700497675 /* Main.storyboard */ = {
			isa = PBXVariantGroup;
			children = (
				7AD9C190288AF63700497675 /* Base */,
			);
			name = Main.storyboard;
			sourceTree = "<group>";
		};
		7AD9C194288AF63A00497675 /* LaunchScreen.storyboard */ = {
			isa = PBXVariantGroup;
			children = (
				7AD9C195288AF63A00497675 /* Base */,
			);
			name = LaunchScreen.storyboard;
			sourceTree = "<group>";
		};
/* End PBXVariantGroup section */

/* Begin XCBuildConfiguration section */
		7AD9C198288AF63A00497675 /* Debug */ = {
			isa = XCBuildConfiguration;
			buildSettings = {
				ALWAYS_SEARCH_USER_PATHS = NO;
				CLANG_ANALYZER_NONNULL = YES;
				CLANG_ANALYZER_NUMBER_OBJECT_CONVERSION = YES_AGGRESSIVE;
				CLANG_CXX_LANGUAGE_STANDARD = "gnu++17";
				CLANG_ENABLE_MODULES = YES;
				CLANG_ENABLE_OBJC_ARC = YES;
				CLANG_ENABLE_OBJC_WEAK = YES;
				CLANG_WARN_BLOCK_CAPTURE_AUTORELEASING = YES;
				CLANG_WARN_BOOL_CONVERSION = YES;
				CLANG_WARN_COMMA = YES;
				CLANG_WARN_CONSTANT_CONVERSION = YES;
				CLANG_WARN_DEPRECATED_OBJC_IMPLEMENTATIONS = YES;
				CLANG_WARN_DIRECT_OBJC_ISA_USAGE = YES_ERROR;
				CLANG_WARN_DOCUMENTATION_COMMENTS = YES;
				CLANG_WARN_EMPTY_BODY = YES;
				CLANG_WARN_ENUM_CONVERSION = YES;
				CLANG_WARN_INFINITE_RECURSION = YES;
				CLANG_WARN_INT_CONVERSION = YES;
				CLANG_WARN_NON_LITERAL_NULL_CONVERSION = YES;
				CLANG_WARN_OBJC_IMPLICIT_RETAIN_SELF = YES;
				CLANG_WARN_OBJC_LITERAL_CONVERSION = YES;
				CLANG_WARN_OBJC_ROOT_CLASS = YES_ERROR;
				CLANG_WARN_QUOTED_INCLUDE_IN_FRAMEWORK_HEADER = YES;
				CLANG_WARN_RANGE_LOOP_ANALYSIS = YES;
				CLANG_WARN_STRICT_PROTOTYPES = YES;
				CLANG_WARN_SUSPICIOUS_MOVE = YES;
				CLANG_WARN_UNGUARDED_AVAILABILITY = YES_AGGRESSIVE;
				CLANG_WARN_UNREACHABLE_CODE = YES;
				CLANG_WARN__DUPLICATE_METHOD_MATCH = YES;
				COPY_PHASE_STRIP = NO;
				DEBUG_INFORMATION_FORMAT = dwarf;
				ENABLE_STRICT_OBJC_MSGSEND = YES;
				ENABLE_TESTABILITY = YES;
				GCC_C_LANGUAGE_STANDARD = gnu11;
				GCC_DYNAMIC_NO_PIC = NO;
				GCC_NO_COMMON_BLOCKS = YES;
				GCC_OPTIMIZATION_LEVEL = 0;
				GCC_PREPROCESSOR_DEFINITIONS = (
					"DEBUG=1",
					"$(inherited)",
				);
				GCC_WARN_64_TO_32_BIT_CONVERSION = YES;
				GCC_WARN_ABOUT_RETURN_TYPE = YES_ERROR;
				GCC_WARN_UNDECLARED_SELECTOR = YES;
				GCC_WARN_UNINITIALIZED_AUTOS = YES_AGGRESSIVE;
				GCC_WARN_UNUSED_FUNCTION = YES;
				GCC_WARN_UNUSED_VARIABLE = YES;
				IPHONEOS_DEPLOYMENT_TARGET = 13.0;
				MTL_ENABLE_DEBUG_INFO = INCLUDE_SOURCE;
				MTL_FAST_MATH = YES;
				ONLY_ACTIVE_ARCH = YES;
				SDKROOT = iphoneos;
				SWIFT_ACTIVE_COMPILATION_CONDITIONS = DEBUG;
				SWIFT_OPTIMIZATION_LEVEL = "-Onone";
			};
			name = Debug;
		};
		7AD9C199288AF63A00497675 /* Release */ = {
			isa = XCBuildConfiguration;
			buildSettings = {
				ALWAYS_SEARCH_USER_PATHS = NO;
				CLANG_ANALYZER_NONNULL = YES;
				CLANG_ANALYZER_NUMBER_OBJECT_CONVERSION = YES_AGGRESSIVE;
				CLANG_CXX_LANGUAGE_STANDARD = "gnu++17";
				CLANG_ENABLE_MODULES = YES;
				CLANG_ENABLE_OBJC_ARC = YES;
				CLANG_ENABLE_OBJC_WEAK = YES;
				CLANG_WARN_BLOCK_CAPTURE_AUTORELEASING = YES;
				CLANG_WARN_BOOL_CONVERSION = YES;
				CLANG_WARN_COMMA = YES;
				CLANG_WARN_CONSTANT_CONVERSION = YES;
				CLANG_WARN_DEPRECATED_OBJC_IMPLEMENTATIONS = YES;
				CLANG_WARN_DIRECT_OBJC_ISA_USAGE = YES_ERROR;
				CLANG_WARN_DOCUMENTATION_COMMENTS = YES;
				CLANG_WARN_EMPTY_BODY = YES;
				CLANG_WARN_ENUM_CONVERSION = YES;
				CLANG_WARN_INFINITE_RECURSION = YES;
				CLANG_WARN_INT_CONVERSION = YES;
				CLANG_WARN_NON_LITERAL_NULL_CONVERSION = YES;
				CLANG_WARN_OBJC_IMPLICIT_RETAIN_SELF = YES;
				CLANG_WARN_OBJC_LITERAL_CONVERSION = YES;
				CLANG_WARN_OBJC_ROOT_CLASS = YES_ERROR;
				CLANG_WARN_QUOTED_INCLUDE_IN_FRAMEWORK_HEADER = YES;
				CLANG_WARN_RANGE_LOOP_ANALYSIS = YES;
				CLANG_WARN_STRICT_PROTOTYPES = YES;
				CLANG_WARN_SUSPICIOUS_MOVE = YES;
				CLANG_WARN_UNGUARDED_AVAILABILITY = YES_AGGRESSIVE;
				CLANG_WARN_UNREACHABLE_CODE = YES;
				CLANG_WARN__DUPLICATE_METHOD_MATCH = YES;
				COPY_PHASE_STRIP = NO;
				DEBUG_INFORMATION_FORMAT = "dwarf-with-dsym";
				ENABLE_NS_ASSERTIONS = NO;
				ENABLE_STRICT_OBJC_MSGSEND = YES;
				GCC_C_LANGUAGE_STANDARD = gnu11;
				GCC_NO_COMMON_BLOCKS = YES;
				GCC_WARN_64_TO_32_BIT_CONVERSION = YES;
				GCC_WARN_ABOUT_RETURN_TYPE = YES_ERROR;
				GCC_WARN_UNDECLARED_SELECTOR = YES;
				GCC_WARN_UNINITIALIZED_AUTOS = YES_AGGRESSIVE;
				GCC_WARN_UNUSED_FUNCTION = YES;
				GCC_WARN_UNUSED_VARIABLE = YES;
				IPHONEOS_DEPLOYMENT_TARGET = 13.0;
				MTL_ENABLE_DEBUG_INFO = NO;
				MTL_FAST_MATH = YES;
				SDKROOT = iphoneos;
				SWIFT_COMPILATION_MODE = wholemodule;
				SWIFT_OPTIMIZATION_LEVEL = "-O";
				VALIDATE_PRODUCT = YES;
			};
			name = Release;
		};
		7AD9C19B288AF63A00497675 /* Debug */ = {
			isa = XCBuildConfiguration;
			buildSettings = {
				ASSETCATALOG_COMPILER_APPICON_NAME = AppIcon;
				ASSETCATALOG_COMPILER_GLOBAL_ACCENT_COLOR_NAME = AccentColor;
				CODE_SIGN_IDENTITY = "iPhone Developer";
				CODE_SIGN_STYLE = Manual;
				CURRENT_PROJECT_VERSION = 1;
				DEVELOPMENT_TEAM = BV9BK6U8T4;
				GENERATE_INFOPLIST_FILE = YES;
				INFOPLIST_FILE = demoapp/Info.plist;
				INFOPLIST_KEY_NSBluetoothAlwaysUsageDescription = "GoDice communication";
				INFOPLIST_KEY_UIApplicationSupportsIndirectInputEvents = YES;
				INFOPLIST_KEY_UILaunchStoryboardName = LaunchScreen;
				INFOPLIST_KEY_UIMainStoryboardFile = Main;
				INFOPLIST_KEY_UISupportedInterfaceOrientations_iPad = "UIInterfaceOrientationPortrait UIInterfaceOrientationPortraitUpsideDown UIInterfaceOrientationLandscapeLeft UIInterfaceOrientationLandscapeRight";
				INFOPLIST_KEY_UISupportedInterfaceOrientations_iPhone = "UIInterfaceOrientationPortrait UIInterfaceOrientationLandscapeLeft UIInterfaceOrientationLandscapeRight";
				LD_RUNPATH_SEARCH_PATHS = (
					"$(inherited)",
					"@executable_path/Frameworks",
				);
				MARKETING_VERSION = 1.0;
				PRODUCT_BUNDLE_IDENTIFIER = org.example.demoapp;
				PRODUCT_NAME = "$(TARGET_NAME)";
				PROVISIONING_PROFILE_SPECIFIER = "Wildcard iOS dev";
				SWIFT_EMIT_LOC_STRINGS = YES;
				SWIFT_VERSION = 5.0;
				TARGETED_DEVICE_FAMILY = "1,2";
			};
			name = Debug;
		};
		7AD9C19C288AF63A00497675 /* Release */ = {
			isa = XCBuildConfiguration;
			buildSettings = {
				ASSETCATALOG_COMPILER_APPICON_NAME = AppIcon;
				ASSETCATALOG_COMPILER_GLOBAL_ACCENT_COLOR_NAME = AccentColor;
				CODE_SIGN_IDENTITY = "iPhone Developer";
				CODE_SIGN_STYLE = Manual;
				CURRENT_PROJECT_VERSION = 1;
				DEVELOPMENT_TEAM = BV9BK6U8T4;
				GENERATE_INFOPLIST_FILE = YES;
				INFOPLIST_FILE = demoapp/Info.plist;
				INFOPLIST_KEY_NSBluetoothAlwaysUsageDescription = "GoDice communication";
				INFOPLIST_KEY_UIApplicationSupportsIndirectInputEvents = YES;
				INFOPLIST_KEY_UILaunchStoryboardName = LaunchScreen;
				INFOPLIST_KEY_UIMainStoryboardFile = Main;
				INFOPLIST_KEY_UISupportedInterfaceOrientations_iPad = "UIInterfaceOrientationPortrait UIInterfaceOrientationPortraitUpsideDown UIInterfaceOrientationLandscapeLeft UIInterfaceOrientationLandscapeRight";
				INFOPLIST_KEY_UISupportedInterfaceOrientations_iPhone = "UIInterfaceOrientationPortrait UIInterfaceOrientationLandscapeLeft UIInterfaceOrientationLandscapeRight";
				LD_RUNPATH_SEARCH_PATHS = (
					"$(inherited)",
					"@executable_path/Frameworks",
				);
				MARKETING_VERSION = 1.0;
				PRODUCT_BUNDLE_IDENTIFIER = org.example.demoapp;
				PRODUCT_NAME = "$(TARGET_NAME)";
				PROVISIONING_PROFILE_SPECIFIER = "Wildcard iOS dev";
				SWIFT_EMIT_LOC_STRINGS = YES;
				SWIFT_VERSION = 5.0;
				TARGETED_DEVICE_FAMILY = "1,2";
			};
			name = Release;
		};
/* End XCBuildConfiguration section */

/* Begin XCConfigurationList section */
		7AD9C181288AF63700497675 /* Build configuration list for PBXProject "demoapp" */ = {
			isa = XCConfigurationList;
			buildConfigurations = (
				7AD9C198288AF63A00497675 /* Debug */,
				7AD9C199288AF63A00497675 /* Release */,
			);
			defaultConfigurationIsVisible = 0;
			defaultConfigurationName = Release;
		};
		7AD9C19A288AF63A00497675 /* Build configuration list for PBXNativeTarget "demoapp" */ = {
			isa = XCConfigurationList;
			buildConfigurations = (
				7AD9C19B288AF63A00497675 /* Debug */,
				7AD9C19C288AF63A00497675 /* Release */,
			);
			defaultConfigurationIsVisible = 0;
			defaultConfigurationName = Release;
		};
/* End XCConfigurationList section */
	};
	rootObject = 7AD9C17E288AF63700497675 /* Project object */;
}
